{
  "version": "4",
  "redirects": {
    "https://deno.land/x/deno_dom/deno-dom-wasm.ts": "https://deno.land/x/deno_dom@v0.1.56/deno-dom-wasm.ts"
  },
  "remote": {
    "https://deno.land/x/deno_dom@v0.1.56/build/deno-wasm/deno-wasm-dynamic.js": "fd05e83a855aa68b09396dc47a7638ef526c39917971715ac37e0fc3227db886",
    "https://deno.land/x/deno_dom@v0.1.56/build/deno-wasm/deno-wasm.js": "ccde5219e42040b8f7a8b653acc6c8cca197c29f98d6b75f74c48111e34bcbea",
    "https://deno.land/x/deno_dom@v0.1.56/build/deno-wasm/deno-wasm_bg-wasm.js": "52c57905a74047d1574f0b96e301ef1d5974cd962705615555b5e46b5ac420e4",
    "https://deno.land/x/deno_dom@v0.1.56/build/deno-wasm/deno-wasm_bg.wasm": "b5fbd7ede316f7c13e4a7b927a053a35b475a9acce7c7cae864e91d9b8dd24c7",
    "https://deno.land/x/deno_dom@v0.1.56/build/deno-wasm/env.js": "17da784c11b192c591dbf7df21ec6f65f63f45ca9a713e4ca100f3c886b4023f",
    "https://deno.land/x/deno_dom@v0.1.56/build/deno-wasm/wbg.js": "b5b6de12bc010fa23438c8a8276067b9044a405da516d0bbe4ae61b7c6d61a22",
    "https://deno.land/x/deno_dom@v0.1.56/deno-dom-wasm.ts": "34f0654b452568fbd95b8d1b2a493de19710ac9ceeb6b82f541d09c29613572d",
    "https://deno.land/x/deno_dom@v0.1.56/src/api.ts": "0ff5790f0a3eeecb4e00b7d8fbfa319b165962cf6d0182a65ba90f158d74f7d7",
    "https://deno.land/x/deno_dom@v0.1.56/src/constructor-lock.ts": "0e7b297e8b9cf921a3b0d3a692ec5fb462c5afc47ec554292e20090b9e16b40a",
    "https://deno.land/x/deno_dom@v0.1.56/src/deserialize.ts": "514953418b7ae558ed7361ad9be21013f46cba2f58bd7f4acc90cf1e89f9c8cf",
    "https://deno.land/x/deno_dom@v0.1.56/src/dom/document-fragment.ts": "0b915d094830d43b330dc2fb8012b990f2c815773c6cdcd4a9fdff99fe47412e",
    "https://deno.land/x/deno_dom@v0.1.56/src/dom/document.ts": "ad584ac4ce6dce03f0ff6ef4b7db86fd598f9c7824da1387f7f2acd7d6948e4a",
    "https://deno.land/x/deno_dom@v0.1.56/src/dom/dom-parser.ts": "ab5e8382700bc3936ac67e8d11b7bb9c6999a994ac8b070b7cae94e2d2ecee5a",
    "https://deno.land/x/deno_dom@v0.1.56/src/dom/element.ts": "9726ebf139b97ae96671d38da720988cfd6481ff9068ba13f3b0d00e72f0c8c0",
    "https://deno.land/x/deno_dom@v0.1.56/src/dom/elements/html-template-element.ts": "1707dfb4cbb145f3bcb94426d7cdedbaa336620d0afed30e99f50fe87ba24a98",
    "https://deno.land/x/deno_dom@v0.1.56/src/dom/html-collection.ts": "dcf328e883877f7748d3e20fb6319e739f297a6e24f4b00ec5b1a2f390cfa3c6",
    "https://deno.land/x/deno_dom@v0.1.56/src/dom/node-list.ts": "be9793475d82539da8b97a17b6b5538cc723538c10cc5820a23e5e4b2248845d",
    "https://deno.land/x/deno_dom@v0.1.56/src/dom/node.ts": "53ada9e4b2ae21f10f5941ff257ed4585920ae392020544648f349c05d15d30c",
    "https://deno.land/x/deno_dom@v0.1.56/src/dom/selectors/custom-api.ts": "852696bd58e534bc41bd3be9e2250b60b67cd95fd28ed16b1deff1d548531a71",
    "https://deno.land/x/deno_dom@v0.1.56/src/dom/selectors/nwsapi-types.ts": "c43b36c36acc5d32caabaa54fda8c9d239b2b0fcbce9a28efb93c84aa1021698",
    "https://deno.land/x/deno_dom@v0.1.56/src/dom/selectors/nwsapi.js": "985d7d8fc1eabbb88946b47a1c44c1b2d4aa79ff23c21424219f1528fa27a2ff",
    "https://deno.land/x/deno_dom@v0.1.56/src/dom/selectors/selectors.ts": "83eab57be2290fb48e3130533448c93c6c61239f2a2f3b85f1917f80ca0fdc75",
    "https://deno.land/x/deno_dom@v0.1.56/src/dom/selectors/sizzle-types.ts": "78149e2502409989ce861ed636b813b059e16bc267bb543e7c2b26ef43e4798b",
    "https://deno.land/x/deno_dom@v0.1.56/src/dom/selectors/sizzle.js": "c3aed60c1045a106d8e546ac2f85cc82e65f62d9af2f8f515210b9212286682a",
    "https://deno.land/x/deno_dom@v0.1.56/src/dom/string-cache.ts": "8e935804f7bac244cc70cec90a28c9f6d30fea14c61c2c4ea48fca274376d786",
    "https://deno.land/x/deno_dom@v0.1.56/src/dom/utils-types.ts": "96db30e3e4a75b194201bb9fa30988215da7f91b380fca6a5143e51ece2a8436",
    "https://deno.land/x/deno_dom@v0.1.56/src/dom/utils.ts": "bc429635e9204051ba1ecc1b212031b5ee7c6bcd95120c91bef696804aa67e74",
    "https://deno.land/x/deno_dom@v0.1.56/src/parser.ts": "e06b2300d693e6ae7564e53dfa5c9a9e97fdb8c044c39c52c8b93b5d60860be3"
  },
  "workspace": {
    "packageJson": {
      "dependencies": [
        "npm:ts-gleam@^1.0.1",
        "npm:typescript@~5.8.3",
        "npm:unocss@^66.5.2",
        "npm:vite-gleam@~0.4.3",
        "npm:vite@^7.1.2"
      ]
    }
  }
}
